
Microsoft Visual Studio Solution File, Format Version 12.00
# Visual Studio Version 17
VisualStudioVersion = 17.0.32014.148
MinimumVisualStudioVersion = 10.0.40219.1
Project("{9A19103F-16F7-4668-BE54-9A1E7A4F7556}") = "Yuebon.WebApi", "Yuebon.WebApi\Yuebon.WebApi.csproj", "{64C6211F-C371-471F-A3B6-9F6258621AE4}"
EndProject
Project("{9A19103F-16F7-4668-BE54-9A1E7A4F7556}") = "Yuebon.CodeGenerator.Core", "Yuebon.CodeGenerator.Core\Yuebon.CodeGenerator.Core.csproj", "{421571A1-F9BA-4B47-87F3-EAC77F26D6AB}"
EndProject
Project("{2150E333-8FDC-42A3-9474-1A3956D46DE8}") = "Security", "Security", "{8F36092E-0D31-404B-B4FE-C035993BB68D}"
EndProject
Project("{9A19103F-16F7-4668-BE54-9A1E7A4F7556}") = "Yuebon.Extensions", "Yuebon.Extensions\Yuebon.Extensions.csproj", "{E136726E-CA85-4BCF-B44D-BED5647EB397}"
EndProject
Project("{2150E333-8FDC-42A3-9474-1A3956D46DE8}") = "CMS", "CMS", "{330D9D08-DB82-4B10-BDDC-F9597376FD13}"
EndProject
Project("{9A19103F-16F7-4668-BE54-9A1E7A4F7556}") = "Yuebon.CMS.Models", "CMS\Yuebon.CMS.Models\Yuebon.CMS.Models.csproj", "{21E3D5BD-F640-42DD-855E-A6F94C9A4C71}"
EndProject
Project("{9A19103F-16F7-4668-BE54-9A1E7A4F7556}") = "Yuebon.Commons", "Yuebon.NetCore\Yuebon.Commons\Yuebon.Commons.csproj", "{6A89C028-4869-406F-B4F3-E087F7F5784A}"
EndProject
Project("{9A19103F-16F7-4668-BE54-9A1E7A4F7556}") = "Yuebon.AspNetCore", "Yuebon.NetCore\Yuebon.AspNetCore\Yuebon.AspNetCore.csproj", "{FB531D26-E7B2-4E90-81EE-473AE4317145}"
EndProject
Project("{9A19103F-16F7-4668-BE54-9A1E7A4F7556}") = "Yuebon.Email.Core", "Yuebon.NetCore\Yuebon.Email.Core\Yuebon.Email.Core.csproj", "{6086AADC-7386-479A-B0D4-1A39C7B6A1E3}"
EndProject
Project("{9A19103F-16F7-4668-BE54-9A1E7A4F7556}") = "Yuebon.Quartz.Jobs", "Yuebon.NetCore\Yuebon.Quartz.Jobs\Yuebon.Quartz.Jobs.csproj", "{D079DE63-F8C2-4BCA-AFF8-5BCD9B67B1A8}"
EndProject
Project("{9A19103F-16F7-4668-BE54-9A1E7A4F7556}") = "Yuebon.SMS.Core", "Yuebon.NetCore\Yuebon.SMS.Core\Yuebon.SMS.Core.csproj", "{D992C99A-8AB3-46C4-B327-D721FE1FF750}"
EndProject
Project("{9A19103F-16F7-4668-BE54-9A1E7A4F7556}") = "Yuebon.CMS.Dtos", "CMS\Yuebon.CMS.Dtos\Yuebon.CMS.Dtos.csproj", "{1934C0FE-04F8-420F-87EE-5EF9854D22F1}"
EndProject
Project("{9A19103F-16F7-4668-BE54-9A1E7A4F7556}") = "Yuebon.CMS.IRepositories", "CMS\Yuebon.CMS.IRepositories\Yuebon.CMS.IRepositories.csproj", "{4BB3CF17-FB4C-4118-9EC6-99E1696AE46A}"
EndProject
Project("{9A19103F-16F7-4668-BE54-9A1E7A4F7556}") = "Yuebon.CMS.Repositories", "CMS\Yuebon.CMS.Repositories\Yuebon.CMS.Repositories.csproj", "{AAAD0FA5-53E9-4EAB-B588-212BDF8AAF63}"
EndProject
Project("{9A19103F-16F7-4668-BE54-9A1E7A4F7556}") = "Yuebon.CMS.IServices", "CMS\Yuebon.CMS.IServices\Yuebon.CMS.IServices.csproj", "{05382922-816E-4EE6-A23C-EEB0D93EC7E1}"
EndProject
Project("{9A19103F-16F7-4668-BE54-9A1E7A4F7556}") = "Yuebon.CMS.Services", "CMS\Yuebon.CMS.Services\Yuebon.CMS.Services.csproj", "{00F9B712-2960-4D80-A484-1A7BFF67C5EF}"
EndProject
Project("{9A19103F-16F7-4668-BE54-9A1E7A4F7556}") = "Yuebon.Security.Models", "Security\Yuebon.Security.Models\Yuebon.Security.Models.csproj", "{27F00B39-69F8-46B2-A460-27900A6D3CA4}"
EndProject
Project("{9A19103F-16F7-4668-BE54-9A1E7A4F7556}") = "Yuebon.Security.Dtos", "Security\Yuebon.Security.Dtos\Yuebon.Security.Dtos.csproj", "{84F6C388-004E-4F3F-B903-DA2803425306}"
EndProject
Project("{9A19103F-16F7-4668-BE54-9A1E7A4F7556}") = "Yuebon.Security.IRepositories", "Security\Yuebon.Security.IRepositories\Yuebon.Security.IRepositories.csproj", "{53C87EE4-400E-4049-AC65-CFC6A44802EE}"
EndProject
Project("{9A19103F-16F7-4668-BE54-9A1E7A4F7556}") = "Yuebon.Security.Repositories", "Security\Yuebon.Security.Repositories\Yuebon.Security.Repositories.csproj", "{890E04C4-30CC-440F-A67D-18DADFE6204B}"
EndProject
Project("{9A19103F-16F7-4668-BE54-9A1E7A4F7556}") = "Yuebon.Security.IServices", "Security\Yuebon.Security.IServices\Yuebon.Security.IServices.csproj", "{63E0121B-99AE-4FA9-8279-A09F25BB251D}"
EndProject
Project("{9A19103F-16F7-4668-BE54-9A1E7A4F7556}") = "Yuebon.Security.SeedData", "Security\Yuebon.Security.Seeds\Yuebon.Security.SeedData.csproj", "{81A60D7B-6090-48A4-AF5B-29D3DD63B990}"
EndProject
Project("{9A19103F-16F7-4668-BE54-9A1E7A4F7556}") = "Yuebon.Security.Services", "Security\Yuebon.Security.Services\Yuebon.Security.Services.csproj", "{6DF08226-9779-4282-B1B7-8F14918F1243}"
EndProject
Global
	GlobalSection(SolutionConfigurationPlatforms) = preSolution
		Debug|Any CPU = Debug|Any CPU
		Release|Any CPU = Release|Any CPU
	EndGlobalSection
	GlobalSection(ProjectConfigurationPlatforms) = postSolution
		{64C6211F-C371-471F-A3B6-9F6258621AE4}.Debug|Any CPU.ActiveCfg = Debug|Any CPU
		{64C6211F-C371-471F-A3B6-9F6258621AE4}.Debug|Any CPU.Build.0 = Debug|Any CPU
		{64C6211F-C371-471F-A3B6-9F6258621AE4}.Release|Any CPU.ActiveCfg = Release|Any CPU
		{64C6211F-C371-471F-A3B6-9F6258621AE4}.Release|Any CPU.Build.0 = Release|Any CPU
		{421571A1-F9BA-4B47-87F3-EAC77F26D6AB}.Debug|Any CPU.ActiveCfg = Debug|Any CPU
		{421571A1-F9BA-4B47-87F3-EAC77F26D6AB}.Debug|Any CPU.Build.0 = Debug|Any CPU
		{421571A1-F9BA-4B47-87F3-EAC77F26D6AB}.Release|Any CPU.ActiveCfg = Release|Any CPU
		{421571A1-F9BA-4B47-87F3-EAC77F26D6AB}.Release|Any CPU.Build.0 = Release|Any CPU
		{E136726E-CA85-4BCF-B44D-BED5647EB397}.Debug|Any CPU.ActiveCfg = Debug|Any CPU
		{E136726E-CA85-4BCF-B44D-BED5647EB397}.Debug|Any CPU.Build.0 = Debug|Any CPU
		{E136726E-CA85-4BCF-B44D-BED5647EB397}.Release|Any CPU.ActiveCfg = Release|Any CPU
		{E136726E-CA85-4BCF-B44D-BED5647EB397}.Release|Any CPU.Build.0 = Release|Any CPU
		{21E3D5BD-F640-42DD-855E-A6F94C9A4C71}.Debug|Any CPU.ActiveCfg = Debug|Any CPU
		{21E3D5BD-F640-42DD-855E-A6F94C9A4C71}.Debug|Any CPU.Build.0 = Debug|Any CPU
		{21E3D5BD-F640-42DD-855E-A6F94C9A4C71}.Release|Any CPU.ActiveCfg = Release|Any CPU
		{21E3D5BD-F640-42DD-855E-A6F94C9A4C71}.Release|Any CPU.Build.0 = Release|Any CPU
		{6A89C028-4869-406F-B4F3-E087F7F5784A}.Debug|Any CPU.ActiveCfg = Debug|Any CPU
		{6A89C028-4869-406F-B4F3-E087F7F5784A}.Debug|Any CPU.Build.0 = Debug|Any CPU
		{6A89C028-4869-406F-B4F3-E087F7F5784A}.Release|Any CPU.ActiveCfg = Release|Any CPU
		{6A89C028-4869-406F-B4F3-E087F7F5784A}.Release|Any CPU.Build.0 = Release|Any CPU
		{FB531D26-E7B2-4E90-81EE-473AE4317145}.Debug|Any CPU.ActiveCfg = Debug|Any CPU
		{FB531D26-E7B2-4E90-81EE-473AE4317145}.Debug|Any CPU.Build.0 = Debug|Any CPU
		{FB531D26-E7B2-4E90-81EE-473AE4317145}.Release|Any CPU.ActiveCfg = Release|Any CPU
		{FB531D26-E7B2-4E90-81EE-473AE4317145}.Release|Any CPU.Build.0 = Release|Any CPU
		{6086AADC-7386-479A-B0D4-1A39C7B6A1E3}.Debug|Any CPU.ActiveCfg = Debug|Any CPU
		{6086AADC-7386-479A-B0D4-1A39C7B6A1E3}.Debug|Any CPU.Build.0 = Debug|Any CPU
		{6086AADC-7386-479A-B0D4-1A39C7B6A1E3}.Release|Any CPU.ActiveCfg = Release|Any CPU
		{6086AADC-7386-479A-B0D4-1A39C7B6A1E3}.Release|Any CPU.Build.0 = Release|Any CPU
		{D079DE63-F8C2-4BCA-AFF8-5BCD9B67B1A8}.Debug|Any CPU.ActiveCfg = Debug|Any CPU
		{D079DE63-F8C2-4BCA-AFF8-5BCD9B67B1A8}.Debug|Any CPU.Build.0 = Debug|Any CPU
		{D079DE63-F8C2-4BCA-AFF8-5BCD9B67B1A8}.Release|Any CPU.ActiveCfg = Release|Any CPU
		{D079DE63-F8C2-4BCA-AFF8-5BCD9B67B1A8}.Release|Any CPU.Build.0 = Release|Any CPU
		{D992C99A-8AB3-46C4-B327-D721FE1FF750}.Debug|Any CPU.ActiveCfg = Debug|Any CPU
		{D992C99A-8AB3-46C4-B327-D721FE1FF750}.Debug|Any CPU.Build.0 = Debug|Any CPU
		{D992C99A-8AB3-46C4-B327-D721FE1FF750}.Release|Any CPU.ActiveCfg = Release|Any CPU
		{D992C99A-8AB3-46C4-B327-D721FE1FF750}.Release|Any CPU.Build.0 = Release|Any CPU
		{1934C0FE-04F8-420F-87EE-5EF9854D22F1}.Debug|Any CPU.ActiveCfg = Debug|Any CPU
		{1934C0FE-04F8-420F-87EE-5EF9854D22F1}.Debug|Any CPU.Build.0 = Debug|Any CPU
		{1934C0FE-04F8-420F-87EE-5EF9854D22F1}.Release|Any CPU.ActiveCfg = Release|Any CPU
		{1934C0FE-04F8-420F-87EE-5EF9854D22F1}.Release|Any CPU.Build.0 = Release|Any CPU
		{4BB3CF17-FB4C-4118-9EC6-99E1696AE46A}.Debug|Any CPU.ActiveCfg = Debug|Any CPU
		{4BB3CF17-FB4C-4118-9EC6-99E1696AE46A}.Debug|Any CPU.Build.0 = Debug|Any CPU
		{4BB3CF17-FB4C-4118-9EC6-99E1696AE46A}.Release|Any CPU.ActiveCfg = Release|Any CPU
		{4BB3CF17-FB4C-4118-9EC6-99E1696AE46A}.Release|Any CPU.Build.0 = Release|Any CPU
		{AAAD0FA5-53E9-4EAB-B588-212BDF8AAF63}.Debug|Any CPU.ActiveCfg = Debug|Any CPU
		{AAAD0FA5-53E9-4EAB-B588-212BDF8AAF63}.Debug|Any CPU.Build.0 = Debug|Any CPU
		{AAAD0FA5-53E9-4EAB-B588-212BDF8AAF63}.Release|Any CPU.ActiveCfg = Release|Any CPU
		{AAAD0FA5-53E9-4EAB-B588-212BDF8AAF63}.Release|Any CPU.Build.0 = Release|Any CPU
		{05382922-816E-4EE6-A23C-EEB0D93EC7E1}.Debug|Any CPU.ActiveCfg = Debug|Any CPU
		{05382922-816E-4EE6-A23C-EEB0D93EC7E1}.Debug|Any CPU.Build.0 = Debug|Any CPU
		{05382922-816E-4EE6-A23C-EEB0D93EC7E1}.Release|Any CPU.ActiveCfg = Release|Any CPU
		{05382922-816E-4EE6-A23C-EEB0D93EC7E1}.Release|Any CPU.Build.0 = Release|Any CPU
		{00F9B712-2960-4D80-A484-1A7BFF67C5EF}.Debug|Any CPU.ActiveCfg = Debug|Any CPU
		{00F9B712-2960-4D80-A484-1A7BFF67C5EF}.Debug|Any CPU.Build.0 = Debug|Any CPU
		{00F9B712-2960-4D80-A484-1A7BFF67C5EF}.Release|Any CPU.ActiveCfg = Release|Any CPU
		{00F9B712-2960-4D80-A484-1A7BFF67C5EF}.Release|Any CPU.Build.0 = Release|Any CPU
		{27F00B39-69F8-46B2-A460-27900A6D3CA4}.Debug|Any CPU.ActiveCfg = Debug|Any CPU
		{27F00B39-69F8-46B2-A460-27900A6D3CA4}.Debug|Any CPU.Build.0 = Debug|Any CPU
		{27F00B39-69F8-46B2-A460-27900A6D3CA4}.Release|Any CPU.ActiveCfg = Release|Any CPU
		{27F00B39-69F8-46B2-A460-27900A6D3CA4}.Release|Any CPU.Build.0 = Release|Any CPU
		{84F6C388-004E-4F3F-B903-DA2803425306}.Debug|Any CPU.ActiveCfg = Debug|Any CPU
		{84F6C388-004E-4F3F-B903-DA2803425306}.Debug|Any CPU.Build.0 = Debug|Any CPU
		{84F6C388-004E-4F3F-B903-DA2803425306}.Release|Any CPU.ActiveCfg = Release|Any CPU
		{84F6C388-004E-4F3F-B903-DA2803425306}.Release|Any CPU.Build.0 = Release|Any CPU
		{53C87EE4-400E-4049-AC65-CFC6A44802EE}.Debug|Any CPU.ActiveCfg = Debug|Any CPU
		{53C87EE4-400E-4049-AC65-CFC6A44802EE}.Debug|Any CPU.Build.0 = Debug|Any CPU
		{53C87EE4-400E-4049-AC65-CFC6A44802EE}.Release|Any CPU.ActiveCfg = Release|Any CPU
		{53C87EE4-400E-4049-AC65-CFC6A44802EE}.Release|Any CPU.Build.0 = Release|Any CPU
		{890E04C4-30CC-440F-A67D-18DADFE6204B}.Debug|Any CPU.ActiveCfg = Debug|Any CPU
		{890E04C4-30CC-440F-A67D-18DADFE6204B}.Debug|Any CPU.Build.0 = Debug|Any CPU
		{890E04C4-30CC-440F-A67D-18DADFE6204B}.Release|Any CPU.ActiveCfg = Release|Any CPU
		{890E04C4-30CC-440F-A67D-18DADFE6204B}.Release|Any CPU.Build.0 = Release|Any CPU
		{63E0121B-99AE-4FA9-8279-A09F25BB251D}.Debug|Any CPU.ActiveCfg = Debug|Any CPU
		{63E0121B-99AE-4FA9-8279-A09F25BB251D}.Debug|Any CPU.Build.0 = Debug|Any CPU
		{63E0121B-99AE-4FA9-8279-A09F25BB251D}.Release|Any CPU.ActiveCfg = Release|Any CPU
		{63E0121B-99AE-4FA9-8279-A09F25BB251D}.Release|Any CPU.Build.0 = Release|Any CPU
		{81A60D7B-6090-48A4-AF5B-29D3DD63B990}.Debug|Any CPU.ActiveCfg = Debug|Any CPU
		{81A60D7B-6090-48A4-AF5B-29D3DD63B990}.Debug|Any CPU.Build.0 = Debug|Any CPU
		{81A60D7B-6090-48A4-AF5B-29D3DD63B990}.Release|Any CPU.ActiveCfg = Release|Any CPU
		{81A60D7B-6090-48A4-AF5B-29D3DD63B990}.Release|Any CPU.Build.0 = Release|Any CPU
		{6DF08226-9779-4282-B1B7-8F14918F1243}.Debug|Any CPU.ActiveCfg = Debug|Any CPU
		{6DF08226-9779-4282-B1B7-8F14918F1243}.Debug|Any CPU.Build.0 = Debug|Any CPU
		{6DF08226-9779-4282-B1B7-8F14918F1243}.Release|Any CPU.ActiveCfg = Release|Any CPU
		{6DF08226-9779-4282-B1B7-8F14918F1243}.Release|Any CPU.Build.0 = Release|Any CPU
	EndGlobalSection
	GlobalSection(SolutionProperties) = preSolution
		HideSolutionNode = FALSE
	EndGlobalSection
	GlobalSection(NestedProjects) = preSolution
		{21E3D5BD-F640-42DD-855E-A6F94C9A4C71} = {330D9D08-DB82-4B10-BDDC-F9597376FD13}
		{1934C0FE-04F8-420F-87EE-5EF9854D22F1} = {330D9D08-DB82-4B10-BDDC-F9597376FD13}
		{4BB3CF17-FB4C-4118-9EC6-99E1696AE46A} = {330D9D08-DB82-4B10-BDDC-F9597376FD13}
		{AAAD0FA5-53E9-4EAB-B588-212BDF8AAF63} = {330D9D08-DB82-4B10-BDDC-F9597376FD13}
		{05382922-816E-4EE6-A23C-EEB0D93EC7E1} = {330D9D08-DB82-4B10-BDDC-F9597376FD13}
		{00F9B712-2960-4D80-A484-1A7BFF67C5EF} = {330D9D08-DB82-4B10-BDDC-F9597376FD13}
		{27F00B39-69F8-46B2-A460-27900A6D3CA4} = {8F36092E-0D31-404B-B4FE-C035993BB68D}
		{84F6C388-004E-4F3F-B903-DA2803425306} = {8F36092E-0D31-404B-B4FE-C035993BB68D}
		{53C87EE4-400E-4049-AC65-CFC6A44802EE} = {8F36092E-0D31-404B-B4FE-C035993BB68D}
		{890E04C4-30CC-440F-A67D-18DADFE6204B} = {8F36092E-0D31-404B-B4FE-C035993BB68D}
		{63E0121B-99AE-4FA9-8279-A09F25BB251D} = {8F36092E-0D31-404B-B4FE-C035993BB68D}
		{81A60D7B-6090-48A4-AF5B-29D3DD63B990} = {8F36092E-0D31-404B-B4FE-C035993BB68D}
		{6DF08226-9779-4282-B1B7-8F14918F1243} = {8F36092E-0D31-404B-B4FE-C035993BB68D}
	EndGlobalSection
	GlobalSection(ExtensibilityGlobals) = postSolution
		SolutionGuid = {34EF7E78-935D-4750-8AAF-26B4C5ED9807}
	EndGlobalSection
EndGlobal
