
Microsoft Visual Studio Solution File, Format Version 12.00
# Visual Studio Version 17
VisualStudioVersion = 17.0.32014.148
MinimumVisualStudioVersion = 10.0.40219.1
Project("{9A19103F-16F7-4668-BE54-9A1E7A4F7556}") = "Yuebon.WebApi", "Yuebon.WebApi\Yuebon.WebApi.csproj", "{64C6211F-C371-471F-A3B6-9F6258621AE4}"
EndProject
Project("{9A19103F-16F7-4668-BE54-9A1E7A4F7556}") = "Yuebon.Quartz.Jobs", "Yuebon.Quartz.Jobs\Yuebon.Quartz.Jobs.csproj", "{ECFAA586-2375-43F9-A86A-E6AE027C3202}"
EndProject
Project("{9A19103F-16F7-4668-BE54-9A1E7A4F7556}") = "Yuebon.Email.Core", "Yuebon.Email.Core\Yuebon.Email.Core.csproj", "{B9F42363-B3E3-4CE4-ACB3-E6C5C5583FF6}"
EndProject
Project("{9A19103F-16F7-4668-BE54-9A1E7A4F7556}") = "Yuebon.SMS.Core", "Yuebon.SMS.Core\Yuebon.SMS.Core.csproj", "{23FDC795-0990-4F6C-9A91-8A93B8CC9AE6}"
EndProject
Project("{9A19103F-16F7-4668-BE54-9A1E7A4F7556}") = "Yuebon.CodeGenerator.Core", "Yuebon.CodeGenerator.Core\Yuebon.CodeGenerator.Core.csproj", "{421571A1-F9BA-4B47-87F3-EAC77F26D6AB}"
EndProject
Project("{9A19103F-16F7-4668-BE54-9A1E7A4F7556}") = "Yuebon.Commons", "Yuebon.Commons\Yuebon.Commons.csproj", "{FB76EA67-4D16-43FB-88FB-F5A462AAE0BC}"
EndProject
Project("{9A19103F-16F7-4668-BE54-9A1E7A4F7556}") = "Yuebon.Security.Models", "Yuebon.Security.Models\Yuebon.Security.Models.csproj", "{81D452E5-AB2E-4BAA-A462-B110F950DCEB}"
EndProject
Project("{9A19103F-16F7-4668-BE54-9A1E7A4F7556}") = "Yuebon.AspNetCore", "Yuebon.AspNetCore\Yuebon.AspNetCore.csproj", "{E52F006A-B2B0-4DF4-B9E4-B84E4D9B5739}"
EndProject
Project("{2150E333-8FDC-42A3-9474-1A3956D46DE8}") = "Security", "Security", "{8F36092E-0D31-404B-B4FE-C035993BB68D}"
EndProject
Project("{9A19103F-16F7-4668-BE54-9A1E7A4F7556}") = "Yuebon.Security.SeedData", "Yuebon.Security.Seeds\Yuebon.Security.SeedData.csproj", "{48C1B742-A405-442F-BCB1-9DDB49328203}"
EndProject
Project("{9A19103F-16F7-4668-BE54-9A1E7A4F7556}") = "Yuebon.Extensions", "Yuebon.Extensions\Yuebon.Extensions.csproj", "{E136726E-CA85-4BCF-B44D-BED5647EB397}"
EndProject
Project("{9A19103F-16F7-4668-BE54-9A1E7A4F7556}") = "Yuebon.Security.IRepositories", "Yuebon.Security.IRepositories\Yuebon.Security.IRepositories.csproj", "{41B89D28-AB3D-498C-A497-F8DE74FE4AF3}"
EndProject
Project("{9A19103F-16F7-4668-BE54-9A1E7A4F7556}") = "Yuebon.Security.Repositories", "Yuebon.Security.Repositories\Yuebon.Security.Repositories.csproj", "{ABD014F8-CDB2-4FB2-A000-B725E48E2403}"
EndProject
Project("{9A19103F-16F7-4668-BE54-9A1E7A4F7556}") = "Yuebon.Security.IServices", "Yuebon.Security.IServices\Yuebon.Security.IServices.csproj", "{28FE7E80-E605-4804-8C1F-666C8D4D2BDD}"
EndProject
Project("{9A19103F-16F7-4668-BE54-9A1E7A4F7556}") = "Yuebon.Security.Services", "Yuebon.Security.Services\Yuebon.Security.Services.csproj", "{7BE62A86-E3F5-4204-854C-4B18CC641077}"
EndProject
Project("{2150E333-8FDC-42A3-9474-1A3956D46DE8}") = "CMS", "CMS", "{330D9D08-DB82-4B10-BDDC-F9597376FD13}"
EndProject
Project("{9A19103F-16F7-4668-BE54-9A1E7A4F7556}") = "Yuebon.CMS.Models", "Yuebon.CMS.Models\Yuebon.CMS.Models.csproj", "{4F5C176D-A46A-4819-8ABF-F9D4563419AA}"
EndProject
Project("{9A19103F-16F7-4668-BE54-9A1E7A4F7556}") = "Yuebon.CMS.IRepositories", "Yuebon.CMS.IRepositories\Yuebon.CMS.IRepositories.csproj", "{7FDC1E22-2E4B-4905-BF0B-DC99930261E4}"
EndProject
Project("{9A19103F-16F7-4668-BE54-9A1E7A4F7556}") = "Yuebon.CMS.Repositories", "Yuebon.CMS.Repositories\Yuebon.CMS.Repositories.csproj", "{18A48DCA-95D1-4803-A1EA-7A6813185848}"
EndProject
Project("{9A19103F-16F7-4668-BE54-9A1E7A4F7556}") = "Yuebon.CMS.IServices", "Yuebon.CMS.IServices\Yuebon.CMS.IServices.csproj", "{5145CAB9-8DB0-4E1E-90EA-C1A80FF1B7CE}"
EndProject
Project("{9A19103F-16F7-4668-BE54-9A1E7A4F7556}") = "Yuebon.CMS.Services", "Yuebon.CMS.Services\Yuebon.CMS.Services.csproj", "{8C9BC528-4058-438D-AF57-7CE28237FEBC}"
EndProject
Project("{FAE04EC0-301F-11D3-BF4B-00C04F79EFBC}") = "Yuebon.Security.Dtos", "Yuebon.Security.Dtos\Yuebon.Security.Dtos.csproj", "{54A80D7F-4E77-4818-ADDD-1F8FF6039312}"
EndProject
Project("{FAE04EC0-301F-11D3-BF4B-00C04F79EFBC}") = "Yuebon.CMS.Dtos", "Yuebon.CMS.Dtos\Yuebon.CMS.Dtos.csproj", "{FA635A8E-5258-4487-BDB5-D5ED71DFD2E7}"
EndProject
Global
	GlobalSection(SolutionConfigurationPlatforms) = preSolution
		Debug|Any CPU = Debug|Any CPU
		Release|Any CPU = Release|Any CPU
	EndGlobalSection
	GlobalSection(ProjectConfigurationPlatforms) = postSolution
		{64C6211F-C371-471F-A3B6-9F6258621AE4}.Debug|Any CPU.ActiveCfg = Debug|Any CPU
		{64C6211F-C371-471F-A3B6-9F6258621AE4}.Debug|Any CPU.Build.0 = Debug|Any CPU
		{64C6211F-C371-471F-A3B6-9F6258621AE4}.Release|Any CPU.ActiveCfg = Release|Any CPU
		{64C6211F-C371-471F-A3B6-9F6258621AE4}.Release|Any CPU.Build.0 = Release|Any CPU
		{ECFAA586-2375-43F9-A86A-E6AE027C3202}.Debug|Any CPU.ActiveCfg = Debug|Any CPU
		{ECFAA586-2375-43F9-A86A-E6AE027C3202}.Debug|Any CPU.Build.0 = Debug|Any CPU
		{ECFAA586-2375-43F9-A86A-E6AE027C3202}.Release|Any CPU.ActiveCfg = Release|Any CPU
		{ECFAA586-2375-43F9-A86A-E6AE027C3202}.Release|Any CPU.Build.0 = Release|Any CPU
		{B9F42363-B3E3-4CE4-ACB3-E6C5C5583FF6}.Debug|Any CPU.ActiveCfg = Debug|Any CPU
		{B9F42363-B3E3-4CE4-ACB3-E6C5C5583FF6}.Debug|Any CPU.Build.0 = Debug|Any CPU
		{B9F42363-B3E3-4CE4-ACB3-E6C5C5583FF6}.Release|Any CPU.ActiveCfg = Release|Any CPU
		{B9F42363-B3E3-4CE4-ACB3-E6C5C5583FF6}.Release|Any CPU.Build.0 = Release|Any CPU
		{23FDC795-0990-4F6C-9A91-8A93B8CC9AE6}.Debug|Any CPU.ActiveCfg = Debug|Any CPU
		{23FDC795-0990-4F6C-9A91-8A93B8CC9AE6}.Debug|Any CPU.Build.0 = Debug|Any CPU
		{23FDC795-0990-4F6C-9A91-8A93B8CC9AE6}.Release|Any CPU.ActiveCfg = Release|Any CPU
		{23FDC795-0990-4F6C-9A91-8A93B8CC9AE6}.Release|Any CPU.Build.0 = Release|Any CPU
		{421571A1-F9BA-4B47-87F3-EAC77F26D6AB}.Debug|Any CPU.ActiveCfg = Debug|Any CPU
		{421571A1-F9BA-4B47-87F3-EAC77F26D6AB}.Debug|Any CPU.Build.0 = Debug|Any CPU
		{421571A1-F9BA-4B47-87F3-EAC77F26D6AB}.Release|Any CPU.ActiveCfg = Release|Any CPU
		{421571A1-F9BA-4B47-87F3-EAC77F26D6AB}.Release|Any CPU.Build.0 = Release|Any CPU
		{FB76EA67-4D16-43FB-88FB-F5A462AAE0BC}.Debug|Any CPU.ActiveCfg = Debug|Any CPU
		{FB76EA67-4D16-43FB-88FB-F5A462AAE0BC}.Debug|Any CPU.Build.0 = Debug|Any CPU
		{FB76EA67-4D16-43FB-88FB-F5A462AAE0BC}.Release|Any CPU.ActiveCfg = Release|Any CPU
		{FB76EA67-4D16-43FB-88FB-F5A462AAE0BC}.Release|Any CPU.Build.0 = Release|Any CPU
		{81D452E5-AB2E-4BAA-A462-B110F950DCEB}.Debug|Any CPU.ActiveCfg = Debug|Any CPU
		{81D452E5-AB2E-4BAA-A462-B110F950DCEB}.Debug|Any CPU.Build.0 = Debug|Any CPU
		{81D452E5-AB2E-4BAA-A462-B110F950DCEB}.Release|Any CPU.ActiveCfg = Release|Any CPU
		{81D452E5-AB2E-4BAA-A462-B110F950DCEB}.Release|Any CPU.Build.0 = Release|Any CPU
		{E52F006A-B2B0-4DF4-B9E4-B84E4D9B5739}.Debug|Any CPU.ActiveCfg = Debug|Any CPU
		{E52F006A-B2B0-4DF4-B9E4-B84E4D9B5739}.Debug|Any CPU.Build.0 = Debug|Any CPU
		{E52F006A-B2B0-4DF4-B9E4-B84E4D9B5739}.Release|Any CPU.ActiveCfg = Release|Any CPU
		{E52F006A-B2B0-4DF4-B9E4-B84E4D9B5739}.Release|Any CPU.Build.0 = Release|Any CPU
		{48C1B742-A405-442F-BCB1-9DDB49328203}.Debug|Any CPU.ActiveCfg = Debug|Any CPU
		{48C1B742-A405-442F-BCB1-9DDB49328203}.Debug|Any CPU.Build.0 = Debug|Any CPU
		{48C1B742-A405-442F-BCB1-9DDB49328203}.Release|Any CPU.ActiveCfg = Release|Any CPU
		{48C1B742-A405-442F-BCB1-9DDB49328203}.Release|Any CPU.Build.0 = Release|Any CPU
		{E136726E-CA85-4BCF-B44D-BED5647EB397}.Debug|Any CPU.ActiveCfg = Debug|Any CPU
		{E136726E-CA85-4BCF-B44D-BED5647EB397}.Debug|Any CPU.Build.0 = Debug|Any CPU
		{E136726E-CA85-4BCF-B44D-BED5647EB397}.Release|Any CPU.ActiveCfg = Release|Any CPU
		{E136726E-CA85-4BCF-B44D-BED5647EB397}.Release|Any CPU.Build.0 = Release|Any CPU
		{41B89D28-AB3D-498C-A497-F8DE74FE4AF3}.Debug|Any CPU.ActiveCfg = Debug|Any CPU
		{41B89D28-AB3D-498C-A497-F8DE74FE4AF3}.Debug|Any CPU.Build.0 = Debug|Any CPU
		{41B89D28-AB3D-498C-A497-F8DE74FE4AF3}.Release|Any CPU.ActiveCfg = Release|Any CPU
		{41B89D28-AB3D-498C-A497-F8DE74FE4AF3}.Release|Any CPU.Build.0 = Release|Any CPU
		{ABD014F8-CDB2-4FB2-A000-B725E48E2403}.Debug|Any CPU.ActiveCfg = Debug|Any CPU
		{ABD014F8-CDB2-4FB2-A000-B725E48E2403}.Debug|Any CPU.Build.0 = Debug|Any CPU
		{ABD014F8-CDB2-4FB2-A000-B725E48E2403}.Release|Any CPU.ActiveCfg = Release|Any CPU
		{ABD014F8-CDB2-4FB2-A000-B725E48E2403}.Release|Any CPU.Build.0 = Release|Any CPU
		{28FE7E80-E605-4804-8C1F-666C8D4D2BDD}.Debug|Any CPU.ActiveCfg = Debug|Any CPU
		{28FE7E80-E605-4804-8C1F-666C8D4D2BDD}.Debug|Any CPU.Build.0 = Debug|Any CPU
		{28FE7E80-E605-4804-8C1F-666C8D4D2BDD}.Release|Any CPU.ActiveCfg = Release|Any CPU
		{28FE7E80-E605-4804-8C1F-666C8D4D2BDD}.Release|Any CPU.Build.0 = Release|Any CPU
		{7BE62A86-E3F5-4204-854C-4B18CC641077}.Debug|Any CPU.ActiveCfg = Debug|Any CPU
		{7BE62A86-E3F5-4204-854C-4B18CC641077}.Debug|Any CPU.Build.0 = Debug|Any CPU
		{7BE62A86-E3F5-4204-854C-4B18CC641077}.Release|Any CPU.ActiveCfg = Release|Any CPU
		{7BE62A86-E3F5-4204-854C-4B18CC641077}.Release|Any CPU.Build.0 = Release|Any CPU
		{4F5C176D-A46A-4819-8ABF-F9D4563419AA}.Debug|Any CPU.ActiveCfg = Debug|Any CPU
		{4F5C176D-A46A-4819-8ABF-F9D4563419AA}.Debug|Any CPU.Build.0 = Debug|Any CPU
		{4F5C176D-A46A-4819-8ABF-F9D4563419AA}.Release|Any CPU.ActiveCfg = Release|Any CPU
		{4F5C176D-A46A-4819-8ABF-F9D4563419AA}.Release|Any CPU.Build.0 = Release|Any CPU
		{7FDC1E22-2E4B-4905-BF0B-DC99930261E4}.Debug|Any CPU.ActiveCfg = Debug|Any CPU
		{7FDC1E22-2E4B-4905-BF0B-DC99930261E4}.Debug|Any CPU.Build.0 = Debug|Any CPU
		{7FDC1E22-2E4B-4905-BF0B-DC99930261E4}.Release|Any CPU.ActiveCfg = Release|Any CPU
		{7FDC1E22-2E4B-4905-BF0B-DC99930261E4}.Release|Any CPU.Build.0 = Release|Any CPU
		{18A48DCA-95D1-4803-A1EA-7A6813185848}.Debug|Any CPU.ActiveCfg = Debug|Any CPU
		{18A48DCA-95D1-4803-A1EA-7A6813185848}.Debug|Any CPU.Build.0 = Debug|Any CPU
		{18A48DCA-95D1-4803-A1EA-7A6813185848}.Release|Any CPU.ActiveCfg = Release|Any CPU
		{18A48DCA-95D1-4803-A1EA-7A6813185848}.Release|Any CPU.Build.0 = Release|Any CPU
		{5145CAB9-8DB0-4E1E-90EA-C1A80FF1B7CE}.Debug|Any CPU.ActiveCfg = Debug|Any CPU
		{5145CAB9-8DB0-4E1E-90EA-C1A80FF1B7CE}.Debug|Any CPU.Build.0 = Debug|Any CPU
		{5145CAB9-8DB0-4E1E-90EA-C1A80FF1B7CE}.Release|Any CPU.ActiveCfg = Release|Any CPU
		{5145CAB9-8DB0-4E1E-90EA-C1A80FF1B7CE}.Release|Any CPU.Build.0 = Release|Any CPU
		{8C9BC528-4058-438D-AF57-7CE28237FEBC}.Debug|Any CPU.ActiveCfg = Debug|Any CPU
		{8C9BC528-4058-438D-AF57-7CE28237FEBC}.Debug|Any CPU.Build.0 = Debug|Any CPU
		{8C9BC528-4058-438D-AF57-7CE28237FEBC}.Release|Any CPU.ActiveCfg = Release|Any CPU
		{8C9BC528-4058-438D-AF57-7CE28237FEBC}.Release|Any CPU.Build.0 = Release|Any CPU
		{54A80D7F-4E77-4818-ADDD-1F8FF6039312}.Debug|Any CPU.ActiveCfg = Debug|Any CPU
		{54A80D7F-4E77-4818-ADDD-1F8FF6039312}.Debug|Any CPU.Build.0 = Debug|Any CPU
		{54A80D7F-4E77-4818-ADDD-1F8FF6039312}.Release|Any CPU.ActiveCfg = Release|Any CPU
		{54A80D7F-4E77-4818-ADDD-1F8FF6039312}.Release|Any CPU.Build.0 = Release|Any CPU
		{FA635A8E-5258-4487-BDB5-D5ED71DFD2E7}.Debug|Any CPU.ActiveCfg = Debug|Any CPU
		{FA635A8E-5258-4487-BDB5-D5ED71DFD2E7}.Debug|Any CPU.Build.0 = Debug|Any CPU
		{FA635A8E-5258-4487-BDB5-D5ED71DFD2E7}.Release|Any CPU.ActiveCfg = Release|Any CPU
		{FA635A8E-5258-4487-BDB5-D5ED71DFD2E7}.Release|Any CPU.Build.0 = Release|Any CPU
	EndGlobalSection
	GlobalSection(SolutionProperties) = preSolution
		HideSolutionNode = FALSE
	EndGlobalSection
	GlobalSection(NestedProjects) = preSolution
		{81D452E5-AB2E-4BAA-A462-B110F950DCEB} = {8F36092E-0D31-404B-B4FE-C035993BB68D}
		{48C1B742-A405-442F-BCB1-9DDB49328203} = {8F36092E-0D31-404B-B4FE-C035993BB68D}
		{41B89D28-AB3D-498C-A497-F8DE74FE4AF3} = {8F36092E-0D31-404B-B4FE-C035993BB68D}
		{ABD014F8-CDB2-4FB2-A000-B725E48E2403} = {8F36092E-0D31-404B-B4FE-C035993BB68D}
		{28FE7E80-E605-4804-8C1F-666C8D4D2BDD} = {8F36092E-0D31-404B-B4FE-C035993BB68D}
		{7BE62A86-E3F5-4204-854C-4B18CC641077} = {8F36092E-0D31-404B-B4FE-C035993BB68D}
		{4F5C176D-A46A-4819-8ABF-F9D4563419AA} = {330D9D08-DB82-4B10-BDDC-F9597376FD13}
		{7FDC1E22-2E4B-4905-BF0B-DC99930261E4} = {330D9D08-DB82-4B10-BDDC-F9597376FD13}
		{18A48DCA-95D1-4803-A1EA-7A6813185848} = {330D9D08-DB82-4B10-BDDC-F9597376FD13}
		{5145CAB9-8DB0-4E1E-90EA-C1A80FF1B7CE} = {330D9D08-DB82-4B10-BDDC-F9597376FD13}
		{8C9BC528-4058-438D-AF57-7CE28237FEBC} = {330D9D08-DB82-4B10-BDDC-F9597376FD13}
		{54A80D7F-4E77-4818-ADDD-1F8FF6039312} = {8F36092E-0D31-404B-B4FE-C035993BB68D}
		{FA635A8E-5258-4487-BDB5-D5ED71DFD2E7} = {330D9D08-DB82-4B10-BDDC-F9597376FD13}
	EndGlobalSection
	GlobalSection(ExtensibilityGlobals) = postSolution
		SolutionGuid = {34EF7E78-935D-4750-8AAF-26B4C5ED9807}
	EndGlobalSection
EndGlobal
