
Microsoft Visual Studio Solution File, Format Version 12.00
# Visual Studio Version 16
VisualStudioVersion = 16.0.29209.152
MinimumVisualStudioVersion = 10.0.40219.1
Project("{9A19103F-16F7-4668-BE54-9A1E7A4F7556}") = "Yuebon.Commons", "Yuebon.NetCore\Yuebon.Commons\Yuebon.Commons.csproj", "{75C4B78A-34AD-44F7-AABE-87D757BC85CD}"
EndProject
Project("{9A19103F-16F7-4668-BE54-9A1E7A4F7556}") = "Yuebon.Security.Core", "Yuebon.NetCore\Yuebon.Security.Core\Yuebon.Security.Core.csproj", "{AB4694C8-A952-4D6C-BC91-D882F00EAC25}"
EndProject
Project("{9A19103F-16F7-4668-BE54-9A1E7A4F7556}") = "Yuebon.AspNetCore", "Yuebon.NetCore\Yuebon.AspNetCore\Yuebon.AspNetCore.csproj", "{18932470-2130-43FE-83FD-C4F2B3A564FD}"
EndProject
Project("{9A19103F-16F7-4668-BE54-9A1E7A4F7556}") = "Yuebon.WebApp", "Yuebon.WebApp\Yuebon.WebApp.csproj", "{290F1F08-B2DC-413F-ABEB-724D3DC1BBEF}"
EndProject
Project("{9A19103F-16F7-4668-BE54-9A1E7A4F7556}") = "Yuebon.UEditorNetCore", "Yuebon.NetCore\Yuebon.UEditorNetCore\Yuebon.UEditorNetCore.csproj", "{B5BAFC71-24B8-4C19-A243-B301344EE669}"
EndProject
Project("{9A19103F-16F7-4668-BE54-9A1E7A4F7556}") = "Yuebon.CMS.Core", "Yuebon.Cms.Core\Yuebon.CMS.Core.csproj", "{3C119187-DCBA-4C39-9A09-38059ADEFD70}"
EndProject
Project("{9A19103F-16F7-4668-BE54-9A1E7A4F7556}") = "Yuebon.Messages.Core", "Yuebon.Messages\Yuebon.Messages.Core\Yuebon.Messages.Core.csproj", "{B0290EA2-C5AB-4AB8-883B-4423DCEBC01E}"
EndProject
Project("{9A19103F-16F7-4668-BE54-9A1E7A4F7556}") = "Yuebon.WeChat.Core", "Yuebon.WeChat.Core\Yuebon.WeChat.Core.csproj", "{CCF54E71-A953-4874-87C5-75478242C00D}"
EndProject
Project("{FAE04EC0-301F-11D3-BF4B-00C04F79EFBC}") = "Yuebon.WebApi", "Yuebon.WebApi\Yuebon.WebApi.csproj", "{64C6211F-C371-471F-A3B6-9F6258621AE4}"
EndProject
Global
	GlobalSection(SolutionConfigurationPlatforms) = preSolution
		Debug|Any CPU = Debug|Any CPU
		Release|Any CPU = Release|Any CPU
	EndGlobalSection
	GlobalSection(ProjectConfigurationPlatforms) = postSolution
		{75C4B78A-34AD-44F7-AABE-87D757BC85CD}.Debug|Any CPU.ActiveCfg = Debug|Any CPU
		{75C4B78A-34AD-44F7-AABE-87D757BC85CD}.Debug|Any CPU.Build.0 = Debug|Any CPU
		{75C4B78A-34AD-44F7-AABE-87D757BC85CD}.Release|Any CPU.ActiveCfg = Release|Any CPU
		{75C4B78A-34AD-44F7-AABE-87D757BC85CD}.Release|Any CPU.Build.0 = Release|Any CPU
		{AB4694C8-A952-4D6C-BC91-D882F00EAC25}.Debug|Any CPU.ActiveCfg = Debug|Any CPU
		{AB4694C8-A952-4D6C-BC91-D882F00EAC25}.Debug|Any CPU.Build.0 = Debug|Any CPU
		{AB4694C8-A952-4D6C-BC91-D882F00EAC25}.Release|Any CPU.ActiveCfg = Release|Any CPU
		{AB4694C8-A952-4D6C-BC91-D882F00EAC25}.Release|Any CPU.Build.0 = Release|Any CPU
		{18932470-2130-43FE-83FD-C4F2B3A564FD}.Debug|Any CPU.ActiveCfg = Debug|Any CPU
		{18932470-2130-43FE-83FD-C4F2B3A564FD}.Debug|Any CPU.Build.0 = Debug|Any CPU
		{18932470-2130-43FE-83FD-C4F2B3A564FD}.Release|Any CPU.ActiveCfg = Release|Any CPU
		{18932470-2130-43FE-83FD-C4F2B3A564FD}.Release|Any CPU.Build.0 = Release|Any CPU
		{290F1F08-B2DC-413F-ABEB-724D3DC1BBEF}.Debug|Any CPU.ActiveCfg = Debug|Any CPU
		{290F1F08-B2DC-413F-ABEB-724D3DC1BBEF}.Debug|Any CPU.Build.0 = Debug|Any CPU
		{290F1F08-B2DC-413F-ABEB-724D3DC1BBEF}.Release|Any CPU.ActiveCfg = Release|Any CPU
		{290F1F08-B2DC-413F-ABEB-724D3DC1BBEF}.Release|Any CPU.Build.0 = Release|Any CPU
		{B5BAFC71-24B8-4C19-A243-B301344EE669}.Debug|Any CPU.ActiveCfg = Debug|Any CPU
		{B5BAFC71-24B8-4C19-A243-B301344EE669}.Debug|Any CPU.Build.0 = Debug|Any CPU
		{B5BAFC71-24B8-4C19-A243-B301344EE669}.Release|Any CPU.ActiveCfg = Release|Any CPU
		{B5BAFC71-24B8-4C19-A243-B301344EE669}.Release|Any CPU.Build.0 = Release|Any CPU
		{3C119187-DCBA-4C39-9A09-38059ADEFD70}.Debug|Any CPU.ActiveCfg = Debug|Any CPU
		{3C119187-DCBA-4C39-9A09-38059ADEFD70}.Debug|Any CPU.Build.0 = Debug|Any CPU
		{3C119187-DCBA-4C39-9A09-38059ADEFD70}.Release|Any CPU.ActiveCfg = Release|Any CPU
		{3C119187-DCBA-4C39-9A09-38059ADEFD70}.Release|Any CPU.Build.0 = Release|Any CPU
		{B0290EA2-C5AB-4AB8-883B-4423DCEBC01E}.Debug|Any CPU.ActiveCfg = Debug|Any CPU
		{B0290EA2-C5AB-4AB8-883B-4423DCEBC01E}.Debug|Any CPU.Build.0 = Debug|Any CPU
		{B0290EA2-C5AB-4AB8-883B-4423DCEBC01E}.Release|Any CPU.ActiveCfg = Release|Any CPU
		{B0290EA2-C5AB-4AB8-883B-4423DCEBC01E}.Release|Any CPU.Build.0 = Release|Any CPU
		{CCF54E71-A953-4874-87C5-75478242C00D}.Debug|Any CPU.ActiveCfg = Debug|Any CPU
		{CCF54E71-A953-4874-87C5-75478242C00D}.Debug|Any CPU.Build.0 = Debug|Any CPU
		{CCF54E71-A953-4874-87C5-75478242C00D}.Release|Any CPU.ActiveCfg = Release|Any CPU
		{CCF54E71-A953-4874-87C5-75478242C00D}.Release|Any CPU.Build.0 = Release|Any CPU
		{64C6211F-C371-471F-A3B6-9F6258621AE4}.Debug|Any CPU.ActiveCfg = Debug|Any CPU
		{64C6211F-C371-471F-A3B6-9F6258621AE4}.Debug|Any CPU.Build.0 = Debug|Any CPU
		{64C6211F-C371-471F-A3B6-9F6258621AE4}.Release|Any CPU.ActiveCfg = Release|Any CPU
		{64C6211F-C371-471F-A3B6-9F6258621AE4}.Release|Any CPU.Build.0 = Release|Any CPU
	EndGlobalSection
	GlobalSection(SolutionProperties) = preSolution
		HideSolutionNode = FALSE
	EndGlobalSection
	GlobalSection(ExtensibilityGlobals) = postSolution
		SolutionGuid = {34EF7E78-935D-4750-8AAF-26B4C5ED9807}
	EndGlobalSection
EndGlobal
