
Microsoft Visual Studio Solution File, Format Version 12.00
# Visual Studio Version 16
VisualStudioVersion = 16.0.29411.108
MinimumVisualStudioVersion = 10.0.40219.1
Project("{9A19103F-16F7-4668-BE54-9A1E7A4F7556}") = "Yuebon.Messages.Core", "Yuebon.Messages.Core\Yuebon.Messages.Core.csproj", "{BFB38E53-1DA6-4446-9A56-C674AF80B4A9}"
EndProject
Project("{9A19103F-16F7-4668-BE54-9A1E7A4F7556}") = "Yuebon.Commons", "..\Yuebon.NetCore\Yuebon.Commons\Yuebon.Commons.csproj", "{71A051A9-BDCE-49ED-A724-BA18BD227C30}"
EndProject
Project("{FAE04EC0-301F-11D3-BF4B-00C04F79EFBC}") = "Yuebon.MessagesApp.Api", "Yuebon.MessagesApp.Api\Yuebon.MessagesApp.Api.csproj", "{B7702A02-644F-490B-B9F3-30E0E2D10F81}"
EndProject
Project("{9A19103F-16F7-4668-BE54-9A1E7A4F7556}") = "Yuebon.AspNetCore", "..\Yuebon.NetCore\Yuebon.AspNetCore\Yuebon.AspNetCore.csproj", "{502FB2D9-109E-4F0F-B472-DFF2A1CBF4F7}"
EndProject
Project("{9A19103F-16F7-4668-BE54-9A1E7A4F7556}") = "Yuebon.Security.Core", "..\Yuebon.NetCore\Yuebon.Security.Core\Yuebon.Security.Core.csproj", "{4B22A556-24E8-44BC-9E94-F50471210794}"
EndProject
Global
	GlobalSection(SolutionConfigurationPlatforms) = preSolution
		Debug|Any CPU = Debug|Any CPU
		Release|Any CPU = Release|Any CPU
	EndGlobalSection
	GlobalSection(ProjectConfigurationPlatforms) = postSolution
		{BFB38E53-1DA6-4446-9A56-C674AF80B4A9}.Debug|Any CPU.ActiveCfg = Debug|Any CPU
		{BFB38E53-1DA6-4446-9A56-C674AF80B4A9}.Debug|Any CPU.Build.0 = Debug|Any CPU
		{BFB38E53-1DA6-4446-9A56-C674AF80B4A9}.Release|Any CPU.ActiveCfg = Release|Any CPU
		{BFB38E53-1DA6-4446-9A56-C674AF80B4A9}.Release|Any CPU.Build.0 = Release|Any CPU
		{71A051A9-BDCE-49ED-A724-BA18BD227C30}.Debug|Any CPU.ActiveCfg = Debug|Any CPU
		{71A051A9-BDCE-49ED-A724-BA18BD227C30}.Debug|Any CPU.Build.0 = Debug|Any CPU
		{71A051A9-BDCE-49ED-A724-BA18BD227C30}.Release|Any CPU.ActiveCfg = Release|Any CPU
		{71A051A9-BDCE-49ED-A724-BA18BD227C30}.Release|Any CPU.Build.0 = Release|Any CPU
		{B7702A02-644F-490B-B9F3-30E0E2D10F81}.Debug|Any CPU.ActiveCfg = Debug|Any CPU
		{B7702A02-644F-490B-B9F3-30E0E2D10F81}.Debug|Any CPU.Build.0 = Debug|Any CPU
		{B7702A02-644F-490B-B9F3-30E0E2D10F81}.Release|Any CPU.ActiveCfg = Release|Any CPU
		{B7702A02-644F-490B-B9F3-30E0E2D10F81}.Release|Any CPU.Build.0 = Release|Any CPU
		{502FB2D9-109E-4F0F-B472-DFF2A1CBF4F7}.Debug|Any CPU.ActiveCfg = Debug|Any CPU
		{502FB2D9-109E-4F0F-B472-DFF2A1CBF4F7}.Debug|Any CPU.Build.0 = Debug|Any CPU
		{502FB2D9-109E-4F0F-B472-DFF2A1CBF4F7}.Release|Any CPU.ActiveCfg = Release|Any CPU
		{502FB2D9-109E-4F0F-B472-DFF2A1CBF4F7}.Release|Any CPU.Build.0 = Release|Any CPU
		{4B22A556-24E8-44BC-9E94-F50471210794}.Debug|Any CPU.ActiveCfg = Debug|Any CPU
		{4B22A556-24E8-44BC-9E94-F50471210794}.Debug|Any CPU.Build.0 = Debug|Any CPU
		{4B22A556-24E8-44BC-9E94-F50471210794}.Release|Any CPU.ActiveCfg = Release|Any CPU
		{4B22A556-24E8-44BC-9E94-F50471210794}.Release|Any CPU.Build.0 = Release|Any CPU
	EndGlobalSection
	GlobalSection(SolutionProperties) = preSolution
		HideSolutionNode = FALSE
	EndGlobalSection
	GlobalSection(ExtensibilityGlobals) = postSolution
		SolutionGuid = {C05CE49E-2A6D-440F-BCC6-7BA0ED0530D2}
	EndGlobalSection
EndGlobal
