
Microsoft Visual Studio Solution File, Format Version 12.00
# Visual Studio Version 16
VisualStudioVersion = 16.0.28729.10
MinimumVisualStudioVersion = 10.0.40219.1
Project("{2150E333-8FDC-42A3-9474-1A3956D46DE8}") = "展现层", "展现层", "{1B15ECAE-121A-42C5-88D8-E70E66869FCC}"
EndProject
Project("{2150E333-8FDC-42A3-9474-1A3956D46DE8}") = "01 基础设施层", "01 基础设施层", "{E0529D57-5219-4623-9B09-9DAEDD3C38A3}"
EndProject
Project("{2150E333-8FDC-42A3-9474-1A3956D46DE8}") = "05 Job定时处理", "05 Job定时处理", "{4D5DD51A-759E-4CD3-BC32-4A2B0BD65445}"
EndProject
Project("{9A19103F-16F7-4668-BE54-9A1E7A4F7556}") = "Yuebon.WebApi", "Yuebon.WebApi\Yuebon.WebApi.csproj", "{33635672-BBB2-450A-AA50-A50F4BB57EA8}"
EndProject
Project("{9A19103F-16F7-4668-BE54-9A1E7A4F7556}") = "Yuebon.Commons", "..\Yuebon.NetCore\Yuebon.Commons\Yuebon.Commons.csproj", "{5DD69C69-9229-481D-A92F-9BE92F9EECAD}"
EndProject
Project("{9A19103F-16F7-4668-BE54-9A1E7A4F7556}") = "Yuebon.Quartz.Job", "..\Yuebon.NetCore\Yuebon.Quartz.Job\Yuebon.Quartz.Job.csproj", "{7A66FA7B-9B9E-4625-B22C-F5F356FCD94B}"
EndProject
Project("{9A19103F-16F7-4668-BE54-9A1E7A4F7556}") = "Yuebon.AspNetCore", "..\Yuebon.NetCore\Yuebon.AspNetCore\Yuebon.AspNetCore.csproj", "{B0973A69-F0DE-420A-92F0-C0881B9E2416}"
EndProject
Project("{9A19103F-16F7-4668-BE54-9A1E7A4F7556}") = "Yuebon.Security.Core", "..\Yuebon.NetCore\Yuebon.Security.Core\Yuebon.Security.Core.csproj", "{286AE4E8-7CCC-4CE9-AA15-6B3DFE578800}"
EndProject
Project("{9A19103F-16F7-4668-BE54-9A1E7A4F7556}") = "Yuebon.WeChat.Core", "..\Yuebon.WeChat\Yuebob.WeChat.Core\Yuebon.WeChat.Core.csproj", "{7C0D1AE0-7D3F-44B0-B28F-6BE06E7A7514}"
EndProject
Project("{9A19103F-16F7-4668-BE54-9A1E7A4F7556}") = "Yuebon.Messages.Core", "..\Yuebon.Messages\Yuebon.Messages.Core\Yuebon.Messages.Core.csproj", "{05861A66-DD72-44E2-9BC5-2D42CB9678F9}"
EndProject
Global
	GlobalSection(SolutionConfigurationPlatforms) = preSolution
		Debug|Any CPU = Debug|Any CPU
		Release|Any CPU = Release|Any CPU
	EndGlobalSection
	GlobalSection(ProjectConfigurationPlatforms) = postSolution
		{33635672-BBB2-450A-AA50-A50F4BB57EA8}.Debug|Any CPU.ActiveCfg = Debug|Any CPU
		{33635672-BBB2-450A-AA50-A50F4BB57EA8}.Debug|Any CPU.Build.0 = Debug|Any CPU
		{33635672-BBB2-450A-AA50-A50F4BB57EA8}.Release|Any CPU.ActiveCfg = Release|Any CPU
		{33635672-BBB2-450A-AA50-A50F4BB57EA8}.Release|Any CPU.Build.0 = Release|Any CPU
		{5DD69C69-9229-481D-A92F-9BE92F9EECAD}.Debug|Any CPU.ActiveCfg = Debug|Any CPU
		{5DD69C69-9229-481D-A92F-9BE92F9EECAD}.Debug|Any CPU.Build.0 = Debug|Any CPU
		{5DD69C69-9229-481D-A92F-9BE92F9EECAD}.Release|Any CPU.ActiveCfg = Release|Any CPU
		{5DD69C69-9229-481D-A92F-9BE92F9EECAD}.Release|Any CPU.Build.0 = Release|Any CPU
		{7A66FA7B-9B9E-4625-B22C-F5F356FCD94B}.Debug|Any CPU.ActiveCfg = Debug|Any CPU
		{7A66FA7B-9B9E-4625-B22C-F5F356FCD94B}.Debug|Any CPU.Build.0 = Debug|Any CPU
		{7A66FA7B-9B9E-4625-B22C-F5F356FCD94B}.Release|Any CPU.ActiveCfg = Release|Any CPU
		{7A66FA7B-9B9E-4625-B22C-F5F356FCD94B}.Release|Any CPU.Build.0 = Release|Any CPU
		{B0973A69-F0DE-420A-92F0-C0881B9E2416}.Debug|Any CPU.ActiveCfg = Debug|Any CPU
		{B0973A69-F0DE-420A-92F0-C0881B9E2416}.Debug|Any CPU.Build.0 = Debug|Any CPU
		{B0973A69-F0DE-420A-92F0-C0881B9E2416}.Release|Any CPU.ActiveCfg = Release|Any CPU
		{B0973A69-F0DE-420A-92F0-C0881B9E2416}.Release|Any CPU.Build.0 = Release|Any CPU
		{286AE4E8-7CCC-4CE9-AA15-6B3DFE578800}.Debug|Any CPU.ActiveCfg = Debug|Any CPU
		{286AE4E8-7CCC-4CE9-AA15-6B3DFE578800}.Debug|Any CPU.Build.0 = Debug|Any CPU
		{286AE4E8-7CCC-4CE9-AA15-6B3DFE578800}.Release|Any CPU.ActiveCfg = Release|Any CPU
		{286AE4E8-7CCC-4CE9-AA15-6B3DFE578800}.Release|Any CPU.Build.0 = Release|Any CPU
		{7C0D1AE0-7D3F-44B0-B28F-6BE06E7A7514}.Debug|Any CPU.ActiveCfg = Debug|Any CPU
		{7C0D1AE0-7D3F-44B0-B28F-6BE06E7A7514}.Debug|Any CPU.Build.0 = Debug|Any CPU
		{7C0D1AE0-7D3F-44B0-B28F-6BE06E7A7514}.Release|Any CPU.ActiveCfg = Release|Any CPU
		{7C0D1AE0-7D3F-44B0-B28F-6BE06E7A7514}.Release|Any CPU.Build.0 = Release|Any CPU
		{05861A66-DD72-44E2-9BC5-2D42CB9678F9}.Debug|Any CPU.ActiveCfg = Debug|Any CPU
		{05861A66-DD72-44E2-9BC5-2D42CB9678F9}.Debug|Any CPU.Build.0 = Debug|Any CPU
		{05861A66-DD72-44E2-9BC5-2D42CB9678F9}.Release|Any CPU.ActiveCfg = Release|Any CPU
		{05861A66-DD72-44E2-9BC5-2D42CB9678F9}.Release|Any CPU.Build.0 = Release|Any CPU
	EndGlobalSection
	GlobalSection(SolutionProperties) = preSolution
		HideSolutionNode = FALSE
	EndGlobalSection
	GlobalSection(NestedProjects) = preSolution
		{33635672-BBB2-450A-AA50-A50F4BB57EA8} = {1B15ECAE-121A-42C5-88D8-E70E66869FCC}
		{5DD69C69-9229-481D-A92F-9BE92F9EECAD} = {E0529D57-5219-4623-9B09-9DAEDD3C38A3}
		{7A66FA7B-9B9E-4625-B22C-F5F356FCD94B} = {4D5DD51A-759E-4CD3-BC32-4A2B0BD65445}
		{B0973A69-F0DE-420A-92F0-C0881B9E2416} = {1B15ECAE-121A-42C5-88D8-E70E66869FCC}
	EndGlobalSection
	GlobalSection(ExtensibilityGlobals) = postSolution
		SolutionGuid = {E96BCD9A-C6E5-4F84-ABB0-1203F62A4470}
	EndGlobalSection
EndGlobal
