
Microsoft Visual Studio Solution File, Format Version 12.00
# Visual Studio Version 16
VisualStudioVersion = 16.0.29209.152
MinimumVisualStudioVersion = 10.0.40219.1
Project("{9A19103F-16F7-4668-BE54-9A1E7A4F7556}") = "Yuebon.WebApp", "Yuebon.WebApp\Yuebon.WebApp.csproj", "{29271D87-7A31-404C-91FD-ED76A5A4449C}"
EndProject
Project("{9A19103F-16F7-4668-BE54-9A1E7A4F7556}") = "Yuebon.CMS.Core", "..\Yuebon.Cms.Core\Yuebon.CMS.Core.csproj", "{C40D8FBE-D474-406E-92B2-ABABBB030AFD}"
EndProject
Global
	GlobalSection(SolutionConfigurationPlatforms) = preSolution
		Debug|Any CPU = Debug|Any CPU
		Release|Any CPU = Release|Any CPU
	EndGlobalSection
	GlobalSection(ProjectConfigurationPlatforms) = postSolution
		{29271D87-7A31-404C-91FD-ED76A5A4449C}.Debug|Any CPU.ActiveCfg = Debug|Any CPU
		{29271D87-7A31-404C-91FD-ED76A5A4449C}.Debug|Any CPU.Build.0 = Debug|Any CPU
		{29271D87-7A31-404C-91FD-ED76A5A4449C}.Release|Any CPU.ActiveCfg = Release|Any CPU
		{29271D87-7A31-404C-91FD-ED76A5A4449C}.Release|Any CPU.Build.0 = Release|Any CPU
		{C40D8FBE-D474-406E-92B2-ABABBB030AFD}.Debug|Any CPU.ActiveCfg = Debug|Any CPU
		{C40D8FBE-D474-406E-92B2-ABABBB030AFD}.Debug|Any CPU.Build.0 = Debug|Any CPU
		{C40D8FBE-D474-406E-92B2-ABABBB030AFD}.Release|Any CPU.ActiveCfg = Release|Any CPU
		{C40D8FBE-D474-406E-92B2-ABABBB030AFD}.Release|Any CPU.Build.0 = Release|Any CPU
	EndGlobalSection
	GlobalSection(SolutionProperties) = preSolution
		HideSolutionNode = FALSE
	EndGlobalSection
	GlobalSection(ExtensibilityGlobals) = postSolution
		SolutionGuid = {34EF7E78-935D-4750-8AAF-26B4C5ED9807}
	EndGlobalSection
EndGlobal
