
Microsoft Visual Studio Solution File, Format Version 12.00
# Visual Studio Version 16
VisualStudioVersion = 16.0.28729.10
MinimumVisualStudioVersion = 10.0.40219.1
Project("{2150E333-8FDC-42A3-9474-1A3956D46DE8}") = "展现层", "展现层", "{1B15ECAE-121A-42C5-88D8-E70E66869FCC}"
EndProject
Project("{2150E333-8FDC-42A3-9474-1A3956D46DE8}") = "01 基础设施层", "01 基础设施层", "{E0529D57-5219-4623-9B09-9DAEDD3C38A3}"
EndProject
Project("{9A19103F-16F7-4668-BE54-9A1E7A4F7556}") = "Yuebon.Commons", "Yuebon.Commons\Yuebon.Commons.csproj", "{98A21B60-6C42-4324-8E3D-7495957EA921}"
EndProject
Project("{9A19103F-16F7-4668-BE54-9A1E7A4F7556}") = "Yuebon.AspNetCore", "Yuebon.AspNetCore\Yuebon.AspNetCore.csproj", "{BD947260-EF8E-4C9D-AE58-0DA232ABB085}"
EndProject
Project("{9A19103F-16F7-4668-BE54-9A1E7A4F7556}") = "Yuebon.Security.Core", "Yuebon.Security.Core\Yuebon.Security.Core.csproj", "{D9B49768-3079-4B03-8055-8A6D6B7BCC9A}"
EndProject
Project("{9A19103F-16F7-4668-BE54-9A1E7A4F7556}") = "Yuebon.UEditorNetCore", "Yuebon.UEditorNetCore\Yuebon.UEditorNetCore.csproj", "{78DB9C93-CF9D-41DD-B929-829289301A73}"
EndProject
Project("{9A19103F-16F7-4668-BE54-9A1E7A4F7556}") = "Yuebon.CMS.Core", "..\Yuebon.Cms.Core\Yuebon.CMS.Core.csproj", "{77F86AA1-D496-453F-860B-88D9C935C1AD}"
EndProject
Project("{9A19103F-16F7-4668-BE54-9A1E7A4F7556}") = "Yuebon.WebApp", "..\Yuebon.Manager\Yuebon.WebApp\Yuebon.WebApp.csproj", "{1972B046-CCF8-4CC8-B00E-65E288D9F256}"
EndProject
Global
	GlobalSection(SolutionConfigurationPlatforms) = preSolution
		Debug|Any CPU = Debug|Any CPU
		Release|Any CPU = Release|Any CPU
	EndGlobalSection
	GlobalSection(ProjectConfigurationPlatforms) = postSolution
		{98A21B60-6C42-4324-8E3D-7495957EA921}.Debug|Any CPU.ActiveCfg = Debug|Any CPU
		{98A21B60-6C42-4324-8E3D-7495957EA921}.Debug|Any CPU.Build.0 = Debug|Any CPU
		{98A21B60-6C42-4324-8E3D-7495957EA921}.Release|Any CPU.ActiveCfg = Release|Any CPU
		{98A21B60-6C42-4324-8E3D-7495957EA921}.Release|Any CPU.Build.0 = Release|Any CPU
		{BD947260-EF8E-4C9D-AE58-0DA232ABB085}.Debug|Any CPU.ActiveCfg = Debug|Any CPU
		{BD947260-EF8E-4C9D-AE58-0DA232ABB085}.Debug|Any CPU.Build.0 = Debug|Any CPU
		{BD947260-EF8E-4C9D-AE58-0DA232ABB085}.Release|Any CPU.ActiveCfg = Release|Any CPU
		{BD947260-EF8E-4C9D-AE58-0DA232ABB085}.Release|Any CPU.Build.0 = Release|Any CPU
		{D9B49768-3079-4B03-8055-8A6D6B7BCC9A}.Debug|Any CPU.ActiveCfg = Debug|Any CPU
		{D9B49768-3079-4B03-8055-8A6D6B7BCC9A}.Debug|Any CPU.Build.0 = Debug|Any CPU
		{D9B49768-3079-4B03-8055-8A6D6B7BCC9A}.Release|Any CPU.ActiveCfg = Release|Any CPU
		{D9B49768-3079-4B03-8055-8A6D6B7BCC9A}.Release|Any CPU.Build.0 = Release|Any CPU
		{78DB9C93-CF9D-41DD-B929-829289301A73}.Debug|Any CPU.ActiveCfg = Debug|Any CPU
		{78DB9C93-CF9D-41DD-B929-829289301A73}.Debug|Any CPU.Build.0 = Debug|Any CPU
		{78DB9C93-CF9D-41DD-B929-829289301A73}.Release|Any CPU.ActiveCfg = Release|Any CPU
		{78DB9C93-CF9D-41DD-B929-829289301A73}.Release|Any CPU.Build.0 = Release|Any CPU
		{77F86AA1-D496-453F-860B-88D9C935C1AD}.Debug|Any CPU.ActiveCfg = Debug|Any CPU
		{77F86AA1-D496-453F-860B-88D9C935C1AD}.Debug|Any CPU.Build.0 = Debug|Any CPU
		{77F86AA1-D496-453F-860B-88D9C935C1AD}.Release|Any CPU.ActiveCfg = Release|Any CPU
		{77F86AA1-D496-453F-860B-88D9C935C1AD}.Release|Any CPU.Build.0 = Release|Any CPU
		{1972B046-CCF8-4CC8-B00E-65E288D9F256}.Debug|Any CPU.ActiveCfg = Debug|Any CPU
		{1972B046-CCF8-4CC8-B00E-65E288D9F256}.Debug|Any CPU.Build.0 = Debug|Any CPU
		{1972B046-CCF8-4CC8-B00E-65E288D9F256}.Release|Any CPU.ActiveCfg = Release|Any CPU
		{1972B046-CCF8-4CC8-B00E-65E288D9F256}.Release|Any CPU.Build.0 = Release|Any CPU
	EndGlobalSection
	GlobalSection(SolutionProperties) = preSolution
		HideSolutionNode = FALSE
	EndGlobalSection
	GlobalSection(NestedProjects) = preSolution
		{98A21B60-6C42-4324-8E3D-7495957EA921} = {E0529D57-5219-4623-9B09-9DAEDD3C38A3}
		{BD947260-EF8E-4C9D-AE58-0DA232ABB085} = {1B15ECAE-121A-42C5-88D8-E70E66869FCC}
		{78DB9C93-CF9D-41DD-B929-829289301A73} = {1B15ECAE-121A-42C5-88D8-E70E66869FCC}
		{1972B046-CCF8-4CC8-B00E-65E288D9F256} = {1B15ECAE-121A-42C5-88D8-E70E66869FCC}
	EndGlobalSection
	GlobalSection(ExtensibilityGlobals) = postSolution
		SolutionGuid = {E96BCD9A-C6E5-4F84-ABB0-1203F62A4470}
	EndGlobalSection
EndGlobal
